{
  "name": "doodles",
  "version": "1.0.0",
  "lockfileVersion": 3,
  "requires": true,
  "packages": {
    "": {
      "name": "doodles",
      "version": "1.0.0",
      "license": "ISC",
      "dependencies": {
        "pocketbase": "^0.21.3"
      }
    },
    "node_modules/pocketbase": {
      "version": "0.21.3",
      "resolved": "https://registry.npmjs.org/pocketbase/-/pocketbase-0.21.3.tgz",
      "integrity": "sha512-bsQRZ1mj4dhPJ4P5iSrDqWQtBX2NtuBkf6IOZwTv27zZOw6zrISgo963i5JD/99qKKD5aMSMDPGk1BE9ZyI7Cg=="
    }
  }
}
